
Microsoft Visual Studio Solution File, Format Version 12.00
# Visual Studio Version 17
VisualStudioVersion = 17.14.36518.9 d17.14
MinimumVisualStudioVersion = 10.0.40219.1
Project("{FAE04EC0-301F-11D3-BF4B-00C04F79EFBC}") = "Calculator.Core", "Calculator.Core\Calculator.Core.csproj", "{AFC8730C-F2A3-428E-8029-2D96A99FC240}"
EndProject
Project("{FAE04EC0-301F-11D3-BF4B-00C04F79EFBC}") = "Calculator.Tests", "Calculator.Tests\Calculator.Tests.csproj", "{4739D4A7-DD67-4A5E-A9DF-98D196C29966}"
EndProject
Global
	GlobalSection(SolutionConfigurationPlatforms) = preSolution
		Debug|Any CPU = Debug|Any CPU
		Release|Any CPU = Release|Any CPU
	EndGlobalSection
	GlobalSection(ProjectConfigurationPlatforms) = postSolution
		{AFC8730C-F2A3-428E-8029-2D96A99FC240}.Debug|Any CPU.ActiveCfg = Debug|Any CPU
		{AFC8730C-F2A3-428E-8029-2D96A99FC240}.Debug|Any CPU.Build.0 = Debug|Any CPU
		{AFC8730C-F2A3-428E-8029-2D96A99FC240}.Release|Any CPU.ActiveCfg = Release|Any CPU
		{AFC8730C-F2A3-428E-8029-2D96A99FC240}.Release|Any CPU.Build.0 = Release|Any CPU
		{4739D4A7-DD67-4A5E-A9DF-98D196C29966}.Debug|Any CPU.ActiveCfg = Debug|Any CPU
		{4739D4A7-DD67-4A5E-A9DF-98D196C29966}.Debug|Any CPU.Build.0 = Debug|Any CPU
		{4739D4A7-DD67-4A5E-A9DF-98D196C29966}.Release|Any CPU.ActiveCfg = Release|Any CPU
		{4739D4A7-DD67-4A5E-A9DF-98D196C29966}.Release|Any CPU.Build.0 = Release|Any CPU
	EndGlobalSection
	GlobalSection(SolutionProperties) = preSolution
		HideSolutionNode = FALSE
	EndGlobalSection
	GlobalSection(ExtensibilityGlobals) = postSolution
		SolutionGuid = {55B8873E-E5D0-47E0-805A-197F1FC82B9D}
	EndGlobalSection
EndGlobal
